// !$*UTF8*$!
{
	archiveVersion = 1;
	classes = {
	};
	objectVersion = 48;
	objects = {

/* Begin PBXBuildFile section */
		FDF814071FE077EC0055BC00 /* AppDelegate.swift in Sources */ = {isa = PBXBuildFile; fileRef = FDF814061FE077EC0055BC00 /* AppDelegate.swift */; };
		FDF8140C1FE077EC0055BC00 /* Main.storyboard in Resources */ = {isa = PBXBuildFile; fileRef = FDF8140A1FE077EC0055BC00 /* Main.storyboard */; };
		FDF8140E1FE077EC0055BC00 /* Assets.xcassets in Resources */ = {isa = PBXBuildFile; fileRef = FDF8140D1FE077EC0055BC00 /* Assets.xcassets */; };
		FDF814111FE077EC0055BC00 /* LaunchScreen.storyboard in Resources */ = {isa = PBXBuildFile; fileRef = FDF8140F1FE077EC0055BC00 /* LaunchScreen.storyboard */; };
		FDF814191FE0783F0055BC00 /* TextInputViewController.swift in Sources */ = {isa = PBXBuildFile; fileRef = FDF814181FE0783F0055BC00 /* TextInputViewController.swift */; };
/* End PBXBuildFile section */

/* Begin PBXFileReference section */
		FDF814031FE077EC0055BC00 /* Summarizer.app */ = {isa = PBXFileReference; explicitFileType = wrapper.application; includeInIndex = 0; path = Summarizer.app; sourceTree = BUILT_PRODUCTS_DIR; };
		FDF814061FE077EC0055BC00 /* AppDelegate.swift */ = {isa = PBXFileReference; lastKnownFileType = sourcecode.swift; path = AppDelegate.swift; sourceTree = "<group>"; };
		FDF8140B1FE077EC0055BC00 /* Base */ = {isa = PBXFileReference; lastKnownFileType = file.storyboard; name = Base; path = Base.lproj/Main.storyboard; sourceTree = "<group>"; };
		FDF8140D1FE077EC0055BC00 /* Assets.xcassets */ = {isa = PBXFileReference; lastKnownFileType = folder.assetcatalog; path = Assets.xcassets; sourceTree = "<group>"; };
		FDF814101FE077EC0055BC00 /* Base */ = {isa = PBXFileReference; lastKnownFileType = file.storyboard; name = Base; path = Base.lproj/LaunchScreen.storyboard; sourceTree = "<group>"; };
		FDF814121FE077EC0055BC00 /* Info.plist */ = {isa = PBXFileReference; lastKnownFileType = text.plist.xml; path = Info.plist; sourceTree = "<group>"; };
		FDF814181FE0783F0055BC00 /* TextInputViewController.swift */ = {isa = PBXFileReference; lastKnownFileType = sourcecode.swift; path = TextInputViewController.swift; sourceTree = "<group>"; };
/* End PBXFileReference section */

/* Begin PBXFrameworksBuildPhase section */
		FDF814001FE077EC0055BC00 /* Frameworks */ = {
			isa = PBXFrameworksBuildPhase;
			buildActionMask = 2147483647;
			files = (
			);
			runOnlyForDeploymentPostprocessing = 0;
		};
/* End PBXFrameworksBuildPhase section */

/* Begin PBXGroup section */
		FDF813FA1FE077EC0055BC00 = {
			isa = PBXGroup;
			children = (
				FDF814051FE077EC0055BC00 /* Summarizer */,
				FDF814041FE077EC0055BC00 /* Products */,
			);
			sourceTree = "<group>";
		};
		FDF814041FE077EC0055BC00 /* Products */ = {
			isa = PBXGroup;
			children = (
				FDF814031FE077EC0055BC00 /* Summarizer.app */,
			);
			name = Products;
			sourceTree = "<group>";
		};
		FDF814051FE077EC0055BC00 /* Summarizer */ = {
			isa = PBXGroup;
			children = (
				FDF814061FE077EC0055BC00 /* AppDelegate.swift */,
				FDF814181FE0783F0055BC00 /* TextInputViewController.swift */,
				FDF8140A1FE077EC0055BC00 /* Main.storyboard */,
				FDF8140D1FE077EC0055BC00 /* Assets.xcassets */,
				FDF8140F1FE077EC0055BC00 /* LaunchScreen.storyboard */,
				FDF814121FE077EC0055BC00 /* Info.plist */,
			);
			path = Summarizer;
			sourceTree = "<group>";
		};
/* End PBXGroup section */

/* Begin PBXNativeTarget section */
		FDF814021FE077EC0055BC00 /* Summarizer */ = {
			isa = PBXNativeTarget;
			buildConfigurationList = FDF814151FE077EC0055BC00 /* Build configuration list for PBXNativeTarget "Summarizer" */;
			buildPhases = (
				FDF813FF1FE077EC0055BC00 /* Sources */,
				FDF814001FE077EC0055BC00 /* Frameworks */,
				FDF814011FE077EC0055BC00 /* Resources */,
			);
			buildRules = (
			);
			dependencies = (
			);
			name = Summarizer;
			productName = Summarizer;
			productReference = FDF814031FE077EC0055BC00 /* Summarizer.app */;
			productType = "com.apple.product-type.application";
		};
/* End PBXNativeTarget section */

/* Begin PBXProject section */
		FDF813FB1FE077EC0055BC00 /* Project object */ = {
			isa = PBXProject;
			attributes = {
				LastSwiftUpdateCheck = 0920;
				LastUpgradeCheck = 0920;
				ORGANIZATIONNAME = Sohail;
				TargetAttributes = {
					FDF814021FE077EC0055BC00 = {
						CreatedOnToolsVersion = 9.2;
						ProvisioningStyle = Automatic;
					};
				};
			};
			buildConfigurationList = FDF813FE1FE077EC0055BC00 /* Build configuration list for PBXProject "Summarizer" */;
			compatibilityVersion = "Xcode 8.0";
			developmentRegion = en;
			hasScannedForEncodings = 0;
			knownRegions = (
				en,
				Base,
			);
			mainGroup = FDF813FA1FE077EC0055BC00;
			productRefGroup = FDF814041FE077EC0055BC00 /* Products */;
			projectDirPath = "";
			projectRoot = "";
			targets = (
				FDF814021FE077EC0055BC00 /* Summarizer */,
			);
		};
/* End PBXProject section */

/* Begin PBXResourcesBuildPhase section */
		FDF814011FE077EC0055BC00 /* Resources */ = {
			isa = PBXResourcesBuildPhase;
			buildActionMask = 2147483647;
			files = (
				FDF814111FE077EC0055BC00 /* LaunchScreen.storyboard in Resources */,
				FDF8140E1FE077EC0055BC00 /* Assets.xcassets in Resources */,
				FDF8140C1FE077EC0055BC00 /* Main.storyboard in Resources */,
			);
			runOnlyForDeploymentPostprocessing = 0;
		};
/* End PBXResourcesBuildPhase section */

/* Begin PBXSourcesBuildPhase section */
		FDF813FF1FE077EC0055BC00 /* Sources */ = {
			isa = PBXSourcesBuildPhase;
			buildActionMask = 2147483647;
			files = (
				FDF814191FE0783F0055BC00 /* TextInputViewController.swift in Sources */,
				FDF814071FE077EC0055BC00 /* AppDelegate.swift in Sources */,
			);
			runOnlyForDeploymentPostprocessing = 0;
		};
/* End PBXSourcesBuildPhase section */

/* Begin PBXVariantGroup section */
		FDF8140A1FE077EC0055BC00 /* Main.storyboard */ = {
			isa = PBXVariantGroup;
			children = (
				FDF8140B1FE077EC0055BC00 /* Base */,
			);
			name = Main.storyboard;
			sourceTree = "<group>";
		};
		FDF8140F1FE077EC0055BC00 /* LaunchScreen.storyboard */ = {
			isa = PBXVariantGroup;
			children = (
				FDF814101FE077EC0055BC00 /* Base */,
			);
			name = LaunchScreen.storyboard;
			sourceTree = "<group>";
		};
/* End PBXVariantGroup section */

/* Begin XCBuildConfiguration section */
		FDF814131FE077EC0055BC00 /* Debug */ = {
			isa = XCBuildConfiguration;
			buildSettings = {
				ALWAYS_SEARCH_USER_PATHS = NO;
				CLANG_ANALYZER_NONNULL = YES;
				CLANG_ANALYZER_NUMBER_OBJECT_CONVERSION = YES_AGGRESSIVE;
				CLANG_CXX_LANGUAGE_STANDARD = "gnu++14";
				CLANG_CXX_LIBRARY = "libc++";
				CLANG_ENABLE_MODULES = YES;
				CLANG_ENABLE_OBJC_ARC = YES;
				CLANG_WARN_BLOCK_CAPTURE_AUTORELEASING = YES;
				CLANG_WARN_BOOL_CONVERSION = YES;
				CLANG_WARN_COMMA = YES;
				CLANG_WARN_CONSTANT_CONVERSION = YES;
				CLANG_WARN_DIRECT_OBJC_ISA_USAGE = YES_ERROR;
				CLANG_WARN_DOCUMENTATION_COMMENTS = YES;
				CLANG_WARN_EMPTY_BODY = YES;
				CLANG_WARN_ENUM_CONVERSION = YES;
				CLANG_WARN_INFINITE_RECURSION = YES;
				CLANG_WARN_INT_CONVERSION = YES;
				CLANG_WARN_NON_LITERAL_NULL_CONVERSION = YES;
				CLANG_WARN_OBJC_LITERAL_CONVERSION = YES;
				CLANG_WARN_OBJC_ROOT_CLASS = YES_ERROR;
				CLANG_WARN_RANGE_LOOP_ANALYSIS = YES;
				CLANG_WARN_STRICT_PROTOTYPES = YES;
				CLANG_WARN_SUSPICIOUS_MOVE = YES;
				CLANG_WARN_UNGUARDED_AVAILABILITY = YES_AGGRESSIVE;
				CLANG_WARN_UNREACHABLE_CODE = YES;
				CLANG_WARN__DUPLICATE_METHOD_MATCH = YES;
				CODE_SIGN_IDENTITY = "iPhone Developer";
				COPY_PHASE_STRIP = NO;
				DEBUG_INFORMATION_FORMAT = dwarf;
				ENABLE_STRICT_OBJC_MSGSEND = YES;
				ENABLE_TESTABILITY = YES;
				GCC_C_LANGUAGE_STANDARD = gnu11;
				GCC_DYNAMIC_NO_PIC = NO;
				GCC_NO_COMMON_BLOCKS = YES;
				GCC_OPTIMIZATION_LEVEL = 0;
				GCC_PREPROCESSOR_DEFINITIONS = (
					"DEBUG=1",
					"$(inherited)",
				);
				GCC_WARN_64_TO_32_BIT_CONVERSION = YES;
				GCC_WARN_ABOUT_RETURN_TYPE = YES_ERROR;
				GCC_WARN_UNDECLARED_SELECTOR = YES;
				GCC_WARN_UNINITIALIZED_AUTOS = YES_AGGRESSIVE;
				GCC_WARN_UNUSED_FUNCTION = YES;
				GCC_WARN_UNUSED_VARIABLE = YES;
				IPHONEOS_DEPLOYMENT_TARGET = 11.2;
				MTL_ENABLE_DEBUG_INFO = YES;
				ONLY_ACTIVE_ARCH = YES;
				SDKROOT = iphoneos;
				SWIFT_ACTIVE_COMPILATION_CONDITIONS = DEBUG;
				SWIFT_OPTIMIZATION_LEVEL = "-Onone";
			};
			name = Debug;
		};
		FDF814141FE077EC0055BC00 /* Release */ = {
			isa = XCBuildConfiguration;
			buildSettings = {
				ALWAYS_SEARCH_USER_PATHS = NO;
				CLANG_ANALYZER_NONNULL = YES;
				CLANG_ANALYZER_NUMBER_OBJECT_CONVERSION = YES_AGGRESSIVE;
				CLANG_CXX_LANGUAGE_STANDARD = "gnu++14";
				CLANG_CXX_LIBRARY = "libc++";
				CLANG_ENABLE_MODULES = YES;
				CLANG_ENABLE_OBJC_ARC = YES;
				CLANG_WARN_BLOCK_CAPTURE_AUTORELEASING = YES;
				CLANG_WARN_BOOL_CONVERSION = YES;
				CLANG_WARN_COMMA = YES;
				CLANG_WARN_CONSTANT_CONVERSION = YES;
				CLANG_WARN_DIRECT_OBJC_ISA_USAGE = YES_ERROR;
				CLANG_WARN_DOCUMENTATION_COMMENTS = YES;
				CLANG_WARN_EMPTY_BODY = YES;
				CLANG_WARN_ENUM_CONVERSION = YES;
				CLANG_WARN_INFINITE_RECURSION = YES;
				CLANG_WARN_INT_CONVERSION = YES;
				CLANG_WARN_NON_LITERAL_NULL_CONVERSION = YES;
				CLANG_WARN_OBJC_LITERAL_CONVERSION = YES;
				CLANG_WARN_OBJC_ROOT_CLASS = YES_ERROR;
				CLANG_WARN_RANGE_LOOP_ANALYSIS = YES;
				CLANG_WARN_STRICT_PROTOTYPES = YES;
				CLANG_WARN_SUSPICIOUS_MOVE = YES;
				CLANG_WARN_UNGUARDED_AVAILABILITY = YES_AGGRESSIVE;
				CLANG_WARN_UNREACHABLE_CODE = YES;
				CLANG_WARN__DUPLICATE_METHOD_MATCH = YES;
				CODE_SIGN_IDENTITY = "iPhone Developer";
				COPY_PHASE_STRIP = NO;
				DEBUG_INFORMATION_FORMAT = "dwarf-with-dsym";
				ENABLE_NS_ASSERTIONS = NO;
				ENABLE_STRICT_OBJC_MSGSEND = YES;
				GCC_C_LANGUAGE_STANDARD = gnu11;
				GCC_NO_COMMON_BLOCKS = YES;
				GCC_WARN_64_TO_32_BIT_CONVERSION = YES;
				GCC_WARN_ABOUT_RETURN_TYPE = YES_ERROR;
				GCC_WARN_UNDECLARED_SELECTOR = YES;
				GCC_WARN_UNINITIALIZED_AUTOS = YES_AGGRESSIVE;
				GCC_WARN_UNUSED_FUNCTION = YES;
				GCC_WARN_UNUSED_VARIABLE = YES;
				IPHONEOS_DEPLOYMENT_TARGET = 11.2;
				MTL_ENABLE_DEBUG_INFO = NO;
				SDKROOT = iphoneos;
				SWIFT_OPTIMIZATION_LEVEL = "-Owholemodule";
				VALIDATE_PRODUCT = YES;
			};
			name = Release;
		};
		FDF814161FE077EC0055BC00 /* Debug */ = {
			isa = XCBuildConfiguration;
			buildSettings = {
				ASSETCATALOG_COMPILER_APPICON_NAME = AppIcon;
				CODE_SIGN_STYLE = Automatic;
				DEVELOPMENT_TEAM = XFHGVA942A;
				INFOPLIST_FILE = Summarizer/Info.plist;
				LD_RUNPATH_SEARCH_PATHS = "$(inherited) @executable_path/Frameworks";
				PRODUCT_BUNDLE_IDENTIFIER = Sohail.Summarizer;
				PRODUCT_NAME = "$(TARGET_NAME)";
				SWIFT_VERSION = 4.0;
				TARGETED_DEVICE_FAMILY = "1,2";
			};
			name = Debug;
		};
		FDF814171FE077EC0055BC00 /* Release */ = {
			isa = XCBuildConfiguration;
			buildSettings = {
				ASSETCATALOG_COMPILER_APPICON_NAME = AppIcon;
				CODE_SIGN_STYLE = Automatic;
				DEVELOPMENT_TEAM = XFHGVA942A;
				INFOPLIST_FILE = Summarizer/Info.plist;
				LD_RUNPATH_SEARCH_PATHS = "$(inherited) @executable_path/Frameworks";
				PRODUCT_BUNDLE_IDENTIFIER = Sohail.Summarizer;
				PRODUCT_NAME = "$(TARGET_NAME)";
				SWIFT_VERSION = 4.0;
				TARGETED_DEVICE_FAMILY = "1,2";
			};
			name = Release;
		};
/* End XCBuildConfiguration section */

/* Begin XCConfigurationList section */
		FDF813FE1FE077EC0055BC00 /* Build configuration list for PBXProject "Summarizer" */ = {
			isa = XCConfigurationList;
			buildConfigurations = (
				FDF814131FE077EC0055BC00 /* Debug */,
				FDF814141FE077EC0055BC00 /* Release */,
			);
			defaultConfigurationIsVisible = 0;
			defaultConfigurationName = Release;
		};
		FDF814151FE077EC0055BC00 /* Build configuration list for PBXNativeTarget "Summarizer" */ = {
			isa = XCConfigurationList;
			buildConfigurations = (
				FDF814161FE077EC0055BC00 /* Debug */,
				FDF814171FE077EC0055BC00 /* Release */,
			);
			defaultConfigurationIsVisible = 0;
			defaultConfigurationName = Release;
		};
/* End XCConfigurationList section */
	};
	rootObject = FDF813FB1FE077EC0055BC00 /* Project object */;
}
